
Microsoft Visual Studio Solution File, Format Version 12.00
# Visual Studio 15
VisualStudioVersion = 15.0.26720.2
MinimumVisualStudioVersion = 10.0.40219.1
Project("{FAE04EC0-301F-11D3-BF4B-00C04F79EFBC}") = "ThreadJob", "ThreadJob\ThreadJob.csproj", "{ABA48637-8365-4C8F-90B5-DC424F5F5281}"
EndProject
Global
	GlobalSection(SolutionConfigurationPlatforms) = preSolution
		Debug|Any CPU = Debug|Any CPU
		Release|Any CPU = Release|Any CPU
	EndGlobalSection
	GlobalSection(ProjectConfigurationPlatforms) = postSolution
		{ABA48637-8365-4C8F-90B5-DC424F5F5281}.Debug|Any CPU.ActiveCfg = Debug|Any CPU
		{ABA48637-8365-4C8F-90B5-DC424F5F5281}.Debug|Any CPU.Build.0 = Debug|Any CPU
		{ABA48637-8365-4C8F-90B5-DC424F5F5281}.Release|Any CPU.ActiveCfg = Release|Any CPU
		{ABA48637-8365-4C8F-90B5-DC424F5F5281}.Release|Any CPU.Build.0 = Release|Any CPU
	EndGlobalSection
	GlobalSection(SolutionProperties) = preSolution
		HideSolutionNode = FALSE
	EndGlobalSection
	GlobalSection(ExtensibilityGlobals) = postSolution
		SolutionGuid = {32913B2C-8A29-4681-8EDE-E362F953FA62}
	EndGlobalSection
EndGlobal
